<?xml version="1.0" encoding="utf-8"?>
<Project ToolsVersion="4.0" xmlns="http://schemas.microsoft.com/developer/msbuild/2003">
  <ItemGroup>
    <ClCompile Include="src\mirabuiltin.pb-c.c" />
    <ClCompile Include="src\protobuf-c.c" />
    <ClCompile Include="src\Source.c" />
  </ItemGroup>
  <ItemGroup>
    <ClInclude Include="src\protobuf-c.h" />
    <ClInclude Include="src\mirabuiltin.pb-c.h" />
  </ItemGroup>
</Project>